
Microsoft Visual Studio Solution File, Format Version 12.00
# Visual Studio Version 16
VisualStudioVersion = 16.0.30711.63
MinimumVisualStudioVersion = 10.0.40219.1
Project("{FAE04EC0-301F-11D3-BF4B-00C04F79EFBC}") = "ParkUp.Web", "ParkUp\ParkUp.Web.csproj", "{FF8C55E0-72AA-4019-8E69-4F6EB0CA1B2D}"
EndProject
Project("{FAE04EC0-301F-11D3-BF4B-00C04F79EFBC}") = "ParkUp.API", "ParkUp.API\ParkUp.API.csproj", "{F4469A3C-D772-43CD-8B84-C7BEB4A06086}"
EndProject
Project("{FAE04EC0-301F-11D3-BF4B-00C04F79EFBC}") = "ParkUp.Infrastructure", "ParkUp.Infrastructure\ParkUp.Infrastructure.csproj", "{A86CC8D2-7445-45B4-80EC-D3601492D792}"
EndProject
Project("{FAE04EC0-301F-11D3-BF4B-00C04F79EFBC}") = "ParkUp.Core", "ParkUp.Core\ParkUp.Core.csproj", "{0E554A17-1DCD-461B-83A8-C473AFECEFFD}"
EndProject
Global
	GlobalSection(SolutionConfigurationPlatforms) = preSolution
		Debug|Any CPU = Debug|Any CPU
		Release|Any CPU = Release|Any CPU
	EndGlobalSection
	GlobalSection(ProjectConfigurationPlatforms) = postSolution
		{FF8C55E0-72AA-4019-8E69-4F6EB0CA1B2D}.Debug|Any CPU.ActiveCfg = Debug|Any CPU
		{FF8C55E0-72AA-4019-8E69-4F6EB0CA1B2D}.Debug|Any CPU.Build.0 = Debug|Any CPU
		{FF8C55E0-72AA-4019-8E69-4F6EB0CA1B2D}.Release|Any CPU.ActiveCfg = Release|Any CPU
		{FF8C55E0-72AA-4019-8E69-4F6EB0CA1B2D}.Release|Any CPU.Build.0 = Release|Any CPU
		{F4469A3C-D772-43CD-8B84-C7BEB4A06086}.Debug|Any CPU.ActiveCfg = Debug|Any CPU
		{F4469A3C-D772-43CD-8B84-C7BEB4A06086}.Debug|Any CPU.Build.0 = Debug|Any CPU
		{F4469A3C-D772-43CD-8B84-C7BEB4A06086}.Release|Any CPU.ActiveCfg = Release|Any CPU
		{F4469A3C-D772-43CD-8B84-C7BEB4A06086}.Release|Any CPU.Build.0 = Release|Any CPU
		{A86CC8D2-7445-45B4-80EC-D3601492D792}.Debug|Any CPU.ActiveCfg = Debug|Any CPU
		{A86CC8D2-7445-45B4-80EC-D3601492D792}.Debug|Any CPU.Build.0 = Debug|Any CPU
		{A86CC8D2-7445-45B4-80EC-D3601492D792}.Release|Any CPU.ActiveCfg = Release|Any CPU
		{A86CC8D2-7445-45B4-80EC-D3601492D792}.Release|Any CPU.Build.0 = Release|Any CPU
		{0E554A17-1DCD-461B-83A8-C473AFECEFFD}.Debug|Any CPU.ActiveCfg = Debug|Any CPU
		{0E554A17-1DCD-461B-83A8-C473AFECEFFD}.Debug|Any CPU.Build.0 = Debug|Any CPU
		{0E554A17-1DCD-461B-83A8-C473AFECEFFD}.Release|Any CPU.ActiveCfg = Release|Any CPU
		{0E554A17-1DCD-461B-83A8-C473AFECEFFD}.Release|Any CPU.Build.0 = Release|Any CPU
	EndGlobalSection
	GlobalSection(SolutionProperties) = preSolution
		HideSolutionNode = FALSE
	EndGlobalSection
	GlobalSection(ExtensibilityGlobals) = postSolution
		SolutionGuid = {37BA5370-D790-43D4-859D-CE096ADAB77D}
	EndGlobalSection
EndGlobal
