
Microsoft Visual Studio Solution File, Format Version 12.00
# Visual Studio Version 16
VisualStudioVersion = 16.0.30711.63
MinimumVisualStudioVersion = 10.0.40219.1
Project("{9A19103F-16F7-4668-BE54-9A1E7A4F7556}") = "ParkUp.Web", "ParkUp\ParkUp.Web.csproj", "{FF8C55E0-72AA-4019-8E69-4F6EB0CA1B2D}"
EndProject
Project("{9A19103F-16F7-4668-BE54-9A1E7A4F7556}") = "ParkUp.API", "ParkUp.API\ParkUp.API.csproj", "{F4469A3C-D772-43CD-8B84-C7BEB4A06086}"
EndProject
Project("{9A19103F-16F7-4668-BE54-9A1E7A4F7556}") = "ParkUp.Infrastructure", "ParkUp.Infrastructure\ParkUp.Infrastructure.csproj", "{A86CC8D2-7445-45B4-80EC-D3601492D792}"
EndProject
Project("{9A19103F-16F7-4668-BE54-9A1E7A4F7556}") = "ParkUp.Core", "ParkUp.Core\ParkUp.Core.csproj", "{0E554A17-1DCD-461B-83A8-C473AFECEFFD}"
EndProject
Project("{9A19103F-16F7-4668-BE54-9A1E7A4F7556}") = "Tests", "Tests\Tests.csproj", "{17C97BB7-85D7-4515-B588-53E67B008843}"
EndProject
Project("{E24C65DC-7377-472B-9ABA-BC803B73C61A}") = "ParkUp.Angular(1)", "ParkUp.Angular\", "{07ADB2C9-8839-4435-A9C1-F8E77E83CF8D}"
	ProjectSection(WebsiteProperties) = preProject
		TargetFrameworkMoniker = ".NETFramework,Version%3Dv4.0"
		Debug.AspNetCompiler.VirtualPath = "/localhost_49809"
		Debug.AspNetCompiler.PhysicalPath = "ParkUp.Angular\"
		Debug.AspNetCompiler.TargetPath = "PrecompiledWeb\localhost_49809\"
		Debug.AspNetCompiler.Updateable = "true"
		Debug.AspNetCompiler.ForceOverwrite = "true"
		Debug.AspNetCompiler.FixedNames = "false"
		Debug.AspNetCompiler.Debug = "True"
		Release.AspNetCompiler.VirtualPath = "/localhost_49809"
		Release.AspNetCompiler.PhysicalPath = "ParkUp.Angular\"
		Release.AspNetCompiler.TargetPath = "PrecompiledWeb\localhost_49809\"
		Release.AspNetCompiler.Updateable = "true"
		Release.AspNetCompiler.ForceOverwrite = "true"
		Release.AspNetCompiler.FixedNames = "false"
		Release.AspNetCompiler.Debug = "False"
		VWDPort = "49809"
		SlnRelativePath = "ParkUp.Angular\"
	EndProjectSection
EndProject
Project("{9A19103F-16F7-4668-BE54-9A1E7A4F7556}") = "ParkUpML.Model", "ParkUpML.Model\ParkUpML.Model.csproj", "{D668A13B-3F0B-4DED-97E0-492D263AA353}"
EndProject
Project("{9A19103F-16F7-4668-BE54-9A1E7A4F7556}") = "ParkUpML.ConsoleApp", "ParkUpML.ConsoleApp\ParkUpML.ConsoleApp.csproj", "{9AFF35C8-5E2A-4A52-ACF5-79B6AF296004}"
EndProject
Global
	GlobalSection(SolutionConfigurationPlatforms) = preSolution
		Debug|Any CPU = Debug|Any CPU
		Release|Any CPU = Release|Any CPU
	EndGlobalSection
	GlobalSection(ProjectConfigurationPlatforms) = postSolution
		{FF8C55E0-72AA-4019-8E69-4F6EB0CA1B2D}.Debug|Any CPU.ActiveCfg = Debug|Any CPU
		{FF8C55E0-72AA-4019-8E69-4F6EB0CA1B2D}.Debug|Any CPU.Build.0 = Debug|Any CPU
		{FF8C55E0-72AA-4019-8E69-4F6EB0CA1B2D}.Release|Any CPU.ActiveCfg = Release|Any CPU
		{FF8C55E0-72AA-4019-8E69-4F6EB0CA1B2D}.Release|Any CPU.Build.0 = Release|Any CPU
		{F4469A3C-D772-43CD-8B84-C7BEB4A06086}.Debug|Any CPU.ActiveCfg = Debug|Any CPU
		{F4469A3C-D772-43CD-8B84-C7BEB4A06086}.Debug|Any CPU.Build.0 = Debug|Any CPU
		{F4469A3C-D772-43CD-8B84-C7BEB4A06086}.Release|Any CPU.ActiveCfg = Release|Any CPU
		{F4469A3C-D772-43CD-8B84-C7BEB4A06086}.Release|Any CPU.Build.0 = Release|Any CPU
		{A86CC8D2-7445-45B4-80EC-D3601492D792}.Debug|Any CPU.ActiveCfg = Debug|Any CPU
		{A86CC8D2-7445-45B4-80EC-D3601492D792}.Debug|Any CPU.Build.0 = Debug|Any CPU
		{A86CC8D2-7445-45B4-80EC-D3601492D792}.Release|Any CPU.ActiveCfg = Release|Any CPU
		{A86CC8D2-7445-45B4-80EC-D3601492D792}.Release|Any CPU.Build.0 = Release|Any CPU
		{0E554A17-1DCD-461B-83A8-C473AFECEFFD}.Debug|Any CPU.ActiveCfg = Debug|Any CPU
		{0E554A17-1DCD-461B-83A8-C473AFECEFFD}.Debug|Any CPU.Build.0 = Debug|Any CPU
		{0E554A17-1DCD-461B-83A8-C473AFECEFFD}.Release|Any CPU.ActiveCfg = Release|Any CPU
		{0E554A17-1DCD-461B-83A8-C473AFECEFFD}.Release|Any CPU.Build.0 = Release|Any CPU
		{17C97BB7-85D7-4515-B588-53E67B008843}.Debug|Any CPU.ActiveCfg = Debug|Any CPU
		{17C97BB7-85D7-4515-B588-53E67B008843}.Debug|Any CPU.Build.0 = Debug|Any CPU
		{17C97BB7-85D7-4515-B588-53E67B008843}.Release|Any CPU.ActiveCfg = Release|Any CPU
		{17C97BB7-85D7-4515-B588-53E67B008843}.Release|Any CPU.Build.0 = Release|Any CPU
		{07ADB2C9-8839-4435-A9C1-F8E77E83CF8D}.Debug|Any CPU.ActiveCfg = Debug|Any CPU
		{07ADB2C9-8839-4435-A9C1-F8E77E83CF8D}.Debug|Any CPU.Build.0 = Debug|Any CPU
		{07ADB2C9-8839-4435-A9C1-F8E77E83CF8D}.Release|Any CPU.ActiveCfg = Debug|Any CPU
		{07ADB2C9-8839-4435-A9C1-F8E77E83CF8D}.Release|Any CPU.Build.0 = Debug|Any CPU
		{D668A13B-3F0B-4DED-97E0-492D263AA353}.Debug|Any CPU.ActiveCfg = Debug|Any CPU
		{D668A13B-3F0B-4DED-97E0-492D263AA353}.Debug|Any CPU.Build.0 = Debug|Any CPU
		{D668A13B-3F0B-4DED-97E0-492D263AA353}.Release|Any CPU.ActiveCfg = Release|Any CPU
		{D668A13B-3F0B-4DED-97E0-492D263AA353}.Release|Any CPU.Build.0 = Release|Any CPU
		{9AFF35C8-5E2A-4A52-ACF5-79B6AF296004}.Debug|Any CPU.ActiveCfg = Debug|Any CPU
		{9AFF35C8-5E2A-4A52-ACF5-79B6AF296004}.Debug|Any CPU.Build.0 = Debug|Any CPU
		{9AFF35C8-5E2A-4A52-ACF5-79B6AF296004}.Release|Any CPU.ActiveCfg = Release|Any CPU
		{9AFF35C8-5E2A-4A52-ACF5-79B6AF296004}.Release|Any CPU.Build.0 = Release|Any CPU
	EndGlobalSection
	GlobalSection(SolutionProperties) = preSolution
		HideSolutionNode = FALSE
	EndGlobalSection
	GlobalSection(ExtensibilityGlobals) = postSolution
		SolutionGuid = {37BA5370-D790-43D4-859D-CE096ADAB77D}
	EndGlobalSection
EndGlobal
